// !$*UTF8*$!
{
	archiveVersion = 1;
	classes = {
	};
	objectVersion = 50;
	objects = {

/* Begin PBXBuildFile section */
		5753B5F82590F630006F6308 /* OnboardingView.swift in Sources */ = {isa = PBXBuildFile; fileRef = 5753B5F72590F630006F6308 /* OnboardingView.swift */; };
		5753B5FD2590F74C006F6308 /* PageViewController.swift in Sources */ = {isa = PBXBuildFile; fileRef = 5753B5FC2590F74C006F6308 /* PageViewController.swift */; };
		5753B61725910406006F6308 /* PageControl.swift in Sources */ = {isa = PBXBuildFile; fileRef = 5753B61625910406006F6308 /* PageControl.swift */; };
		5756ACA1258FCA83005F137B /* CocktailAppUITests.swift in Sources */ = {isa = PBXBuildFile; fileRef = 5756ACA0258FCA83005F137B /* CocktailAppUITests.swift */; };
		5756ACB1258FCA8B005F137B /* CocktailAppTests.swift in Sources */ = {isa = PBXBuildFile; fileRef = 5756ACB0258FCA8B005F137B /* CocktailAppTests.swift */; };
		5756D729258E27B70096116B /* FavoriteRepository.swift in Sources */ = {isa = PBXBuildFile; fileRef = 5756D728258E27B70096116B /* FavoriteRepository.swift */; };
		5756D73C258E3F8B0096116B /* HostingController.swift in Sources */ = {isa = PBXBuildFile; fileRef = 5756D73B258E3F8B0096116B /* HostingController.swift */; };
		576F2B6B258CD0F1007839B4 /* CustomCategoryTableViewCell.swift in Sources */ = {isa = PBXBuildFile; fileRef = 576F2B6A258CD0F1007839B4 /* CustomCategoryTableViewCell.swift */; };
		576F2B71258CD94E007839B4 /* CustomFavoriteTableViewCell.swift in Sources */ = {isa = PBXBuildFile; fileRef = 576F2B70258CD94E007839B4 /* CustomFavoriteTableViewCell.swift */; };
		576FBB0E258128D800220391 /* Favorite.swift in Sources */ = {isa = PBXBuildFile; fileRef = 576FBB0D258128D800220391 /* Favorite.swift */; };
		5771E0A1258F8F4100D197EC /* GroceryItem.swift in Sources */ = {isa = PBXBuildFile; fileRef = 5771E0A0258F8F4100D197EC /* GroceryItem.swift */; };
		577246FF2590CCE0008CC872 /* AboutView.swift in Sources */ = {isa = PBXBuildFile; fileRef = 577246FE2590CCE0008CC872 /* AboutView.swift */; };
		57776CBC2576877C00B96038 /* AppDelegate.swift in Sources */ = {isa = PBXBuildFile; fileRef = 57776CBB2576877C00B96038 /* AppDelegate.swift */; };
		57776CBE2576877C00B96038 /* SceneDelegate.swift in Sources */ = {isa = PBXBuildFile; fileRef = 57776CBD2576877C00B96038 /* SceneDelegate.swift */; };
		57776CC32576877C00B96038 /* Main.storyboard in Resources */ = {isa = PBXBuildFile; fileRef = 57776CC12576877C00B96038 /* Main.storyboard */; };
		57776CC52576877E00B96038 /* Assets.xcassets in Resources */ = {isa = PBXBuildFile; fileRef = 57776CC42576877E00B96038 /* Assets.xcassets */; };
		57776CC82576877E00B96038 /* LaunchScreen.storyboard in Resources */ = {isa = PBXBuildFile; fileRef = 57776CC62576877E00B96038 /* LaunchScreen.storyboard */; };
		57776CD225768B1600B96038 /* CategoryTableViewController.swift in Sources */ = {isa = PBXBuildFile; fileRef = 57776CD125768B1600B96038 /* CategoryTableViewController.swift */; };
		57776CD525768B2A00B96038 /* CocktailTableViewController.swift in Sources */ = {isa = PBXBuildFile; fileRef = 57776CD425768B2A00B96038 /* CocktailTableViewController.swift */; };
		57776CD825768B3C00B96038 /* FavoriteTableViewController.swift in Sources */ = {isa = PBXBuildFile; fileRef = 57776CD725768B3C00B96038 /* FavoriteTableViewController.swift */; };
		57776CDB2576918D00B96038 /* Cocktail.swift in Sources */ = {isa = PBXBuildFile; fileRef = 57776CDA2576918D00B96038 /* Cocktail.swift */; };
		57776CE425769D3D00B96038 /* CocktailController.swift in Sources */ = {isa = PBXBuildFile; fileRef = 57776CE325769D3D00B96038 /* CocktailController.swift */; };
		57776CE92576B01D00B96038 /* Category.swift in Sources */ = {isa = PBXBuildFile; fileRef = 57776CE82576B01D00B96038 /* Category.swift */; };
		5785F171257A7FDC00C71BF1 /* CocktailDetailController.swift in Sources */ = {isa = PBXBuildFile; fileRef = 5785F170257A7FDC00C71BF1 /* CocktailDetailController.swift */; };
		57DCDEF9258FEB8F00F10641 /* GroceryViewController.swift in Sources */ = {isa = PBXBuildFile; fileRef = 57DCDEF8258FEB8F00F10641 /* GroceryViewController.swift */; };
		57DCDEFE258FEF1A00F10641 /* GroceryRepository.swift in Sources */ = {isa = PBXBuildFile; fileRef = 57DCDEFD258FEF1A00F10641 /* GroceryRepository.swift */; };
		57DCDF06258FF65600F10641 /* CustomGroceryTableViewCell.swift in Sources */ = {isa = PBXBuildFile; fileRef = 57DCDF05258FF65600F10641 /* CustomGroceryTableViewCell.swift */; };
/* End PBXBuildFile section */

/* Begin PBXContainerItemProxy section */
		5756ACA3258FCA83005F137B /* PBXContainerItemProxy */ = {
			isa = PBXContainerItemProxy;
			containerPortal = 57776CB02576877C00B96038 /* Project object */;
			proxyType = 1;
			remoteGlobalIDString = 57776CB72576877C00B96038;
			remoteInfo = CocktailApp;
		};
		5756ACB3258FCA8B005F137B /* PBXContainerItemProxy */ = {
			isa = PBXContainerItemProxy;
			containerPortal = 57776CB02576877C00B96038 /* Project object */;
			proxyType = 1;
			remoteGlobalIDString = 57776CB72576877C00B96038;
			remoteInfo = CocktailApp;
		};
/* End PBXContainerItemProxy section */

/* Begin PBXFileReference section */
		5753B5F72590F630006F6308 /* OnboardingView.swift */ = {isa = PBXFileReference; lastKnownFileType = sourcecode.swift; path = OnboardingView.swift; sourceTree = "<group>"; };
		5753B5FC2590F74C006F6308 /* PageViewController.swift */ = {isa = PBXFileReference; lastKnownFileType = sourcecode.swift; path = PageViewController.swift; sourceTree = "<group>"; };
		5753B61625910406006F6308 /* PageControl.swift */ = {isa = PBXFileReference; lastKnownFileType = sourcecode.swift; path = PageControl.swift; sourceTree = "<group>"; };
		5756AC9E258FCA82005F137B /* CocktailAppUITests.xctest */ = {isa = PBXFileReference; explicitFileType = wrapper.cfbundle; includeInIndex = 0; path = CocktailAppUITests.xctest; sourceTree = BUILT_PRODUCTS_DIR; };
		5756ACA0258FCA83005F137B /* CocktailAppUITests.swift */ = {isa = PBXFileReference; lastKnownFileType = sourcecode.swift; path = CocktailAppUITests.swift; sourceTree = "<group>"; };
		5756ACA2258FCA83005F137B /* Info.plist */ = {isa = PBXFileReference; lastKnownFileType = text.plist.xml; path = Info.plist; sourceTree = "<group>"; };
		5756ACAE258FCA8B005F137B /* CocktailAppTests.xctest */ = {isa = PBXFileReference; explicitFileType = wrapper.cfbundle; includeInIndex = 0; path = CocktailAppTests.xctest; sourceTree = BUILT_PRODUCTS_DIR; };
		5756ACB0258FCA8B005F137B /* CocktailAppTests.swift */ = {isa = PBXFileReference; lastKnownFileType = sourcecode.swift; path = CocktailAppTests.swift; sourceTree = "<group>"; };
		5756ACB2258FCA8B005F137B /* Info.plist */ = {isa = PBXFileReference; lastKnownFileType = text.plist.xml; path = Info.plist; sourceTree = "<group>"; };
		5756D728258E27B70096116B /* FavoriteRepository.swift */ = {isa = PBXFileReference; lastKnownFileType = sourcecode.swift; path = FavoriteRepository.swift; sourceTree = "<group>"; };
		5756D73B258E3F8B0096116B /* HostingController.swift */ = {isa = PBXFileReference; lastKnownFileType = sourcecode.swift; path = HostingController.swift; sourceTree = "<group>"; };
		576F2B6A258CD0F1007839B4 /* CustomCategoryTableViewCell.swift */ = {isa = PBXFileReference; lastKnownFileType = sourcecode.swift; path = CustomCategoryTableViewCell.swift; sourceTree = "<group>"; };
		576F2B70258CD94E007839B4 /* CustomFavoriteTableViewCell.swift */ = {isa = PBXFileReference; lastKnownFileType = sourcecode.swift; path = CustomFavoriteTableViewCell.swift; sourceTree = "<group>"; };
		576FBB0D258128D800220391 /* Favorite.swift */ = {isa = PBXFileReference; lastKnownFileType = sourcecode.swift; path = Favorite.swift; sourceTree = "<group>"; };
		5771E0A0258F8F4100D197EC /* GroceryItem.swift */ = {isa = PBXFileReference; lastKnownFileType = sourcecode.swift; path = GroceryItem.swift; sourceTree = "<group>"; };
		577246FE2590CCE0008CC872 /* AboutView.swift */ = {isa = PBXFileReference; lastKnownFileType = sourcecode.swift; path = AboutView.swift; sourceTree = "<group>"; };
		57776CB82576877C00B96038 /* CocktailApp.app */ = {isa = PBXFileReference; explicitFileType = wrapper.application; includeInIndex = 0; path = CocktailApp.app; sourceTree = BUILT_PRODUCTS_DIR; };
		57776CBB2576877C00B96038 /* AppDelegate.swift */ = {isa = PBXFileReference; lastKnownFileType = sourcecode.swift; path = AppDelegate.swift; sourceTree = "<group>"; };
		57776CBD2576877C00B96038 /* SceneDelegate.swift */ = {isa = PBXFileReference; lastKnownFileType = sourcecode.swift; path = SceneDelegate.swift; sourceTree = "<group>"; };
		57776CC22576877C00B96038 /* Base */ = {isa = PBXFileReference; lastKnownFileType = file.storyboard; name = Base; path = Base.lproj/Main.storyboard; sourceTree = "<group>"; };
		57776CC42576877E00B96038 /* Assets.xcassets */ = {isa = PBXFileReference; lastKnownFileType = folder.assetcatalog; path = Assets.xcassets; sourceTree = "<group>"; };
		57776CC72576877E00B96038 /* Base */ = {isa = PBXFileReference; lastKnownFileType = file.storyboard; name = Base; path = Base.lproj/LaunchScreen.storyboard; sourceTree = "<group>"; };
		57776CC92576877E00B96038 /* Info.plist */ = {isa = PBXFileReference; lastKnownFileType = text.plist.xml; path = Info.plist; sourceTree = "<group>"; };
		57776CD125768B1600B96038 /* CategoryTableViewController.swift */ = {isa = PBXFileReference; lastKnownFileType = sourcecode.swift; path = CategoryTableViewController.swift; sourceTree = "<group>"; };
		57776CD425768B2A00B96038 /* CocktailTableViewController.swift */ = {isa = PBXFileReference; lastKnownFileType = sourcecode.swift; path = CocktailTableViewController.swift; sourceTree = "<group>"; };
		57776CD725768B3C00B96038 /* FavoriteTableViewController.swift */ = {isa = PBXFileReference; lastKnownFileType = sourcecode.swift; path = FavoriteTableViewController.swift; sourceTree = "<group>"; };
		57776CDA2576918D00B96038 /* Cocktail.swift */ = {isa = PBXFileReference; lastKnownFileType = sourcecode.swift; path = Cocktail.swift; sourceTree = "<group>"; };
		57776CE325769D3D00B96038 /* CocktailController.swift */ = {isa = PBXFileReference; lastKnownFileType = sourcecode.swift; path = CocktailController.swift; sourceTree = "<group>"; };
		57776CE82576B01D00B96038 /* Category.swift */ = {isa = PBXFileReference; lastKnownFileType = sourcecode.swift; path = Category.swift; sourceTree = "<group>"; };
		5785F170257A7FDC00C71BF1 /* CocktailDetailController.swift */ = {isa = PBXFileReference; lastKnownFileType = sourcecode.swift; path = CocktailDetailController.swift; sourceTree = "<group>"; };
		57DCDEF8258FEB8F00F10641 /* GroceryViewController.swift */ = {isa = PBXFileReference; lastKnownFileType = sourcecode.swift; path = GroceryViewController.swift; sourceTree = "<group>"; };
		57DCDEFD258FEF1A00F10641 /* GroceryRepository.swift */ = {isa = PBXFileReference; lastKnownFileType = sourcecode.swift; path = GroceryRepository.swift; sourceTree = "<group>"; };
		57DCDF05258FF65600F10641 /* CustomGroceryTableViewCell.swift */ = {isa = PBXFileReference; lastKnownFileType = sourcecode.swift; path = CustomGroceryTableViewCell.swift; sourceTree = "<group>"; };
/* End PBXFileReference section */

/* Begin PBXFrameworksBuildPhase section */
		5756AC9B258FCA82005F137B /* Frameworks */ = {
			isa = PBXFrameworksBuildPhase;
			buildActionMask = 2147483647;
			files = (
			);
			runOnlyForDeploymentPostprocessing = 0;
		};
		5756ACAB258FCA8B005F137B /* Frameworks */ = {
			isa = PBXFrameworksBuildPhase;
			buildActionMask = 2147483647;
			files = (
			);
			runOnlyForDeploymentPostprocessing = 0;
		};
		57776CB52576877C00B96038 /* Frameworks */ = {
			isa = PBXFrameworksBuildPhase;
			buildActionMask = 2147483647;
			files = (
			);
			runOnlyForDeploymentPostprocessing = 0;
		};
/* End PBXFrameworksBuildPhase section */

/* Begin PBXGroup section */
		5756AC9F258FCA83005F137B /* CocktailAppUITests */ = {
			isa = PBXGroup;
			children = (
				5756ACA0258FCA83005F137B /* CocktailAppUITests.swift */,
				5756ACA2258FCA83005F137B /* Info.plist */,
			);
			path = CocktailAppUITests;
			sourceTree = "<group>";
		};
		5756ACAF258FCA8B005F137B /* CocktailAppTests */ = {
			isa = PBXGroup;
			children = (
				5756ACB0258FCA8B005F137B /* CocktailAppTests.swift */,
				5756ACB2258FCA8B005F137B /* Info.plist */,
			);
			path = CocktailAppTests;
			sourceTree = "<group>";
		};
		5756ACD3258FDF95005F137B /* Network */ = {
			isa = PBXGroup;
			children = (
				57776CE325769D3D00B96038 /* CocktailController.swift */,
			);
			path = Network;
			sourceTree = "<group>";
		};
		5756ACD4258FDFBA005F137B /* Others */ = {
			isa = PBXGroup;
			children = (
				57776CC12576877C00B96038 /* Main.storyboard */,
				57776CC62576877E00B96038 /* LaunchScreen.storyboard */,
				57776CC42576877E00B96038 /* Assets.xcassets */,
				57776CBB2576877C00B96038 /* AppDelegate.swift */,
				57776CBD2576877C00B96038 /* SceneDelegate.swift */,
			);
			path = Others;
			sourceTree = "<group>";
		};
		5756D727258E279A0096116B /* Repository */ = {
			isa = PBXGroup;
			children = (
				5756D728258E27B70096116B /* FavoriteRepository.swift */,
				57DCDEFD258FEF1A00F10641 /* GroceryRepository.swift */,
			);
			path = Repository;
			sourceTree = "<group>";
		};
		5756D735258E3A990096116B /* SwiftUI */ = {
			isa = PBXGroup;
			children = (
				5756D73B258E3F8B0096116B /* HostingController.swift */,
				577246FE2590CCE0008CC872 /* AboutView.swift */,
				5753B5F72590F630006F6308 /* OnboardingView.swift */,
				5753B5FC2590F74C006F6308 /* PageViewController.swift */,
				5753B61625910406006F6308 /* PageControl.swift */,
			);
			path = SwiftUI;
			sourceTree = "<group>";
		};
		576EAC7A257E93EF00AF34A4 /* Model */ = {
			isa = PBXGroup;
			children = (
				576FBB0D258128D800220391 /* Favorite.swift */,
				57776CE82576B01D00B96038 /* Category.swift */,
				57776CDA2576918D00B96038 /* Cocktail.swift */,
				5771E0A0258F8F4100D197EC /* GroceryItem.swift */,
			);
			path = Model;
			sourceTree = "<group>";
		};
		576EAC7C257E940A00AF34A4 /* ViewController */ = {
			isa = PBXGroup;
			children = (
				57776CD125768B1600B96038 /* CategoryTableViewController.swift */,
				57776CD425768B2A00B96038 /* CocktailTableViewController.swift */,
				5785F170257A7FDC00C71BF1 /* CocktailDetailController.swift */,
				57776CD725768B3C00B96038 /* FavoriteTableViewController.swift */,
				57DCDEF8258FEB8F00F10641 /* GroceryViewController.swift */,
			);
			path = ViewController;
			sourceTree = "<group>";
		};
		576F2B68258CCDF5007839B4 /* Views */ = {
			isa = PBXGroup;
			children = (
				576F2B6A258CD0F1007839B4 /* CustomCategoryTableViewCell.swift */,
				576F2B70258CD94E007839B4 /* CustomFavoriteTableViewCell.swift */,
				57DCDF05258FF65600F10641 /* CustomGroceryTableViewCell.swift */,
			);
			path = Views;
			sourceTree = "<group>";
		};
		57776CAF2576877C00B96038 = {
			isa = PBXGroup;
			children = (
				57776CBA2576877C00B96038 /* CocktailApp */,
				5756AC9F258FCA83005F137B /* CocktailAppUITests */,
				5756ACAF258FCA8B005F137B /* CocktailAppTests */,
				57776CB92576877C00B96038 /* Products */,
			);
			sourceTree = "<group>";
		};
		57776CB92576877C00B96038 /* Products */ = {
			isa = PBXGroup;
			children = (
				57776CB82576877C00B96038 /* CocktailApp.app */,
				5756AC9E258FCA82005F137B /* CocktailAppUITests.xctest */,
				5756ACAE258FCA8B005F137B /* CocktailAppTests.xctest */,
			);
			name = Products;
			sourceTree = "<group>";
		};
		57776CBA2576877C00B96038 /* CocktailApp */ = {
			isa = PBXGroup;
			children = (
				57776CC92576877E00B96038 /* Info.plist */,
				576EAC7A257E93EF00AF34A4 /* Model */,
				576EAC7C257E940A00AF34A4 /* ViewController */,
				576F2B68258CCDF5007839B4 /* Views */,
				5756ACD3258FDF95005F137B /* Network */,
				5756D727258E279A0096116B /* Repository */,
				5756D735258E3A990096116B /* SwiftUI */,
				5756ACD4258FDFBA005F137B /* Others */,
			);
			path = CocktailApp;
			sourceTree = "<group>";
		};
/* End PBXGroup section */

/* Begin PBXNativeTarget section */
		5756AC9D258FCA82005F137B /* CocktailAppUITests */ = {
			isa = PBXNativeTarget;
			buildConfigurationList = 5756ACA7258FCA83005F137B /* Build configuration list for PBXNativeTarget "CocktailAppUITests" */;
			buildPhases = (
				5756AC9A258FCA82005F137B /* Sources */,
				5756AC9B258FCA82005F137B /* Frameworks */,
				5756AC9C258FCA82005F137B /* Resources */,
			);
			buildRules = (
			);
			dependencies = (
				5756ACA4258FCA83005F137B /* PBXTargetDependency */,
			);
			name = CocktailAppUITests;
			productName = CocktailAppUITests;
			productReference = 5756AC9E258FCA82005F137B /* CocktailAppUITests.xctest */;
			productType = "com.apple.product-type.bundle.ui-testing";
		};
		5756ACAD258FCA8B005F137B /* CocktailAppTests */ = {
			isa = PBXNativeTarget;
			buildConfigurationList = 5756ACB5258FCA8B005F137B /* Build configuration list for PBXNativeTarget "CocktailAppTests" */;
			buildPhases = (
				5756ACAA258FCA8B005F137B /* Sources */,
				5756ACAB258FCA8B005F137B /* Frameworks */,
				5756ACAC258FCA8B005F137B /* Resources */,
			);
			buildRules = (
			);
			dependencies = (
				5756ACB4258FCA8B005F137B /* PBXTargetDependency */,
			);
			name = CocktailAppTests;
			productName = CocktailAppTests;
			productReference = 5756ACAE258FCA8B005F137B /* CocktailAppTests.xctest */;
			productType = "com.apple.product-type.bundle.unit-test";
		};
		57776CB72576877C00B96038 /* CocktailApp */ = {
			isa = PBXNativeTarget;
			buildConfigurationList = 57776CCC2576877E00B96038 /* Build configuration list for PBXNativeTarget "CocktailApp" */;
			buildPhases = (
				57776CB42576877C00B96038 /* Sources */,
				57776CB52576877C00B96038 /* Frameworks */,
				57776CB62576877C00B96038 /* Resources */,
			);
			buildRules = (
			);
			dependencies = (
			);
			name = CocktailApp;
			productName = CocktailApp;
			productReference = 57776CB82576877C00B96038 /* CocktailApp.app */;
			productType = "com.apple.product-type.application";
		};
/* End PBXNativeTarget section */

/* Begin PBXProject section */
		57776CB02576877C00B96038 /* Project object */ = {
			isa = PBXProject;
			attributes = {
				LastSwiftUpdateCheck = 1230;
				LastUpgradeCheck = 1220;
				TargetAttributes = {
					5756AC9D258FCA82005F137B = {
						CreatedOnToolsVersion = 12.3;
						TestTargetID = 57776CB72576877C00B96038;
					};
					5756ACAD258FCA8B005F137B = {
						CreatedOnToolsVersion = 12.3;
						TestTargetID = 57776CB72576877C00B96038;
					};
					57776CB72576877C00B96038 = {
						CreatedOnToolsVersion = 12.2;
					};
				};
			};
			buildConfigurationList = 57776CB32576877C00B96038 /* Build configuration list for PBXProject "CocktailApp" */;
			compatibilityVersion = "Xcode 9.3";
			developmentRegion = en;
			hasScannedForEncodings = 0;
			knownRegions = (
				en,
				Base,
			);
			mainGroup = 57776CAF2576877C00B96038;
			productRefGroup = 57776CB92576877C00B96038 /* Products */;
			projectDirPath = "";
			projectRoot = "";
			targets = (
				57776CB72576877C00B96038 /* CocktailApp */,
				5756AC9D258FCA82005F137B /* CocktailAppUITests */,
				5756ACAD258FCA8B005F137B /* CocktailAppTests */,
			);
		};
/* End PBXProject section */

/* Begin PBXResourcesBuildPhase section */
		5756AC9C258FCA82005F137B /* Resources */ = {
			isa = PBXResourcesBuildPhase;
			buildActionMask = 2147483647;
			files = (
			);
			runOnlyForDeploymentPostprocessing = 0;
		};
		5756ACAC258FCA8B005F137B /* Resources */ = {
			isa = PBXResourcesBuildPhase;
			buildActionMask = 2147483647;
			files = (
			);
			runOnlyForDeploymentPostprocessing = 0;
		};
		57776CB62576877C00B96038 /* Resources */ = {
			isa = PBXResourcesBuildPhase;
			buildActionMask = 2147483647;
			files = (
				57776CC82576877E00B96038 /* LaunchScreen.storyboard in Resources */,
				57776CC52576877E00B96038 /* Assets.xcassets in Resources */,
				57776CC32576877C00B96038 /* Main.storyboard in Resources */,
			);
			runOnlyForDeploymentPostprocessing = 0;
		};
/* End PBXResourcesBuildPhase section */

/* Begin PBXSourcesBuildPhase section */
		5756AC9A258FCA82005F137B /* Sources */ = {
			isa = PBXSourcesBuildPhase;
			buildActionMask = 2147483647;
			files = (
				5756ACA1258FCA83005F137B /* CocktailAppUITests.swift in Sources */,
			);
			runOnlyForDeploymentPostprocessing = 0;
		};
		5756ACAA258FCA8B005F137B /* Sources */ = {
			isa = PBXSourcesBuildPhase;
			buildActionMask = 2147483647;
			files = (
				5756ACB1258FCA8B005F137B /* CocktailAppTests.swift in Sources */,
			);
			runOnlyForDeploymentPostprocessing = 0;
		};
		57776CB42576877C00B96038 /* Sources */ = {
			isa = PBXSourcesBuildPhase;
			buildActionMask = 2147483647;
			files = (
				577246FF2590CCE0008CC872 /* AboutView.swift in Sources */,
				57DCDEF9258FEB8F00F10641 /* GroceryViewController.swift in Sources */,
				5756D73C258E3F8B0096116B /* HostingController.swift in Sources */,
				57776CD825768B3C00B96038 /* FavoriteTableViewController.swift in Sources */,
				57776CBC2576877C00B96038 /* AppDelegate.swift in Sources */,
				57DCDF06258FF65600F10641 /* CustomGroceryTableViewCell.swift in Sources */,
				576F2B6B258CD0F1007839B4 /* CustomCategoryTableViewCell.swift in Sources */,
				57776CBE2576877C00B96038 /* SceneDelegate.swift in Sources */,
				5785F171257A7FDC00C71BF1 /* CocktailDetailController.swift in Sources */,
				5753B61725910406006F6308 /* PageControl.swift in Sources */,
				57DCDEFE258FEF1A00F10641 /* GroceryRepository.swift in Sources */,
				5771E0A1258F8F4100D197EC /* GroceryItem.swift in Sources */,
				57776CD225768B1600B96038 /* CategoryTableViewController.swift in Sources */,
				576F2B71258CD94E007839B4 /* CustomFavoriteTableViewCell.swift in Sources */,
				5753B5F82590F630006F6308 /* OnboardingView.swift in Sources */,
				576FBB0E258128D800220391 /* Favorite.swift in Sources */,
				5753B5FD2590F74C006F6308 /* PageViewController.swift in Sources */,
				5756D729258E27B70096116B /* FavoriteRepository.swift in Sources */,
				57776CE92576B01D00B96038 /* Category.swift in Sources */,
				57776CD525768B2A00B96038 /* CocktailTableViewController.swift in Sources */,
				57776CE425769D3D00B96038 /* CocktailController.swift in Sources */,
				57776CDB2576918D00B96038 /* Cocktail.swift in Sources */,
			);
			runOnlyForDeploymentPostprocessing = 0;
		};
/* End PBXSourcesBuildPhase section */

/* Begin PBXTargetDependency section */
		5756ACA4258FCA83005F137B /* PBXTargetDependency */ = {
			isa = PBXTargetDependency;
			target = 57776CB72576877C00B96038 /* CocktailApp */;
			targetProxy = 5756ACA3258FCA83005F137B /* PBXContainerItemProxy */;
		};
		5756ACB4258FCA8B005F137B /* PBXTargetDependency */ = {
			isa = PBXTargetDependency;
			target = 57776CB72576877C00B96038 /* CocktailApp */;
			targetProxy = 5756ACB3258FCA8B005F137B /* PBXContainerItemProxy */;
		};
/* End PBXTargetDependency section */

/* Begin PBXVariantGroup section */
		57776CC12576877C00B96038 /* Main.storyboard */ = {
			isa = PBXVariantGroup;
			children = (
				57776CC22576877C00B96038 /* Base */,
			);
			name = Main.storyboard;
			sourceTree = "<group>";
		};
		57776CC62576877E00B96038 /* LaunchScreen.storyboard */ = {
			isa = PBXVariantGroup;
			children = (
				57776CC72576877E00B96038 /* Base */,
			);
			name = LaunchScreen.storyboard;
			sourceTree = "<group>";
		};
/* End PBXVariantGroup section */

/* Begin XCBuildConfiguration section */
		5756ACA5258FCA83005F137B /* Debug */ = {
			isa = XCBuildConfiguration;
			buildSettings = {
				CODE_SIGN_STYLE = Automatic;
				DEVELOPMENT_TEAM = 93J9GWXD34;
				INFOPLIST_FILE = CocktailAppUITests/Info.plist;
				IPHONEOS_DEPLOYMENT_TARGET = 14.3;
				LD_RUNPATH_SEARCH_PATHS = (
					"$(inherited)",
					"@executable_path/Frameworks",
					"@loader_path/Frameworks",
				);
				PRODUCT_BUNDLE_IDENTIFIER = com.example.CocktailAppUITests;
				PRODUCT_NAME = "$(TARGET_NAME)";
				SWIFT_VERSION = 5.0;
				TARGETED_DEVICE_FAMILY = "1,2";
				TEST_TARGET_NAME = CocktailApp;
			};
			name = Debug;
		};
		5756ACA6258FCA83005F137B /* Release */ = {
			isa = XCBuildConfiguration;
			buildSettings = {
				CODE_SIGN_STYLE = Automatic;
				DEVELOPMENT_TEAM = 93J9GWXD34;
				INFOPLIST_FILE = CocktailAppUITests/Info.plist;
				IPHONEOS_DEPLOYMENT_TARGET = 14.3;
				LD_RUNPATH_SEARCH_PATHS = (
					"$(inherited)",
					"@executable_path/Frameworks",
					"@loader_path/Frameworks",
				);
				PRODUCT_BUNDLE_IDENTIFIER = com.example.CocktailAppUITests;
				PRODUCT_NAME = "$(TARGET_NAME)";
				SWIFT_VERSION = 5.0;
				TARGETED_DEVICE_FAMILY = "1,2";
				TEST_TARGET_NAME = CocktailApp;
			};
			name = Release;
		};
		5756ACB6258FCA8B005F137B /* Debug */ = {
			isa = XCBuildConfiguration;
			buildSettings = {
				BUNDLE_LOADER = "$(TEST_HOST)";
				CODE_SIGN_STYLE = Automatic;
				DEVELOPMENT_TEAM = 93J9GWXD34;
				INFOPLIST_FILE = CocktailAppTests/Info.plist;
				IPHONEOS_DEPLOYMENT_TARGET = 14.3;
				LD_RUNPATH_SEARCH_PATHS = (
					"$(inherited)",
					"@executable_path/Frameworks",
					"@loader_path/Frameworks",
				);
				PRODUCT_BUNDLE_IDENTIFIER = com.example.CocktailAppTests;
				PRODUCT_NAME = "$(TARGET_NAME)";
				SWIFT_VERSION = 5.0;
				TARGETED_DEVICE_FAMILY = "1,2";
				TEST_HOST = "$(BUILT_PRODUCTS_DIR)/CocktailApp.app/CocktailApp";
			};
			name = Debug;
		};
		5756ACB7258FCA8B005F137B /* Release */ = {
			isa = XCBuildConfiguration;
			buildSettings = {
				BUNDLE_LOADER = "$(TEST_HOST)";
				CODE_SIGN_STYLE = Automatic;
				DEVELOPMENT_TEAM = 93J9GWXD34;
				INFOPLIST_FILE = CocktailAppTests/Info.plist;
				IPHONEOS_DEPLOYMENT_TARGET = 14.3;
				LD_RUNPATH_SEARCH_PATHS = (
					"$(inherited)",
					"@executable_path/Frameworks",
					"@loader_path/Frameworks",
				);
				PRODUCT_BUNDLE_IDENTIFIER = com.example.CocktailAppTests;
				PRODUCT_NAME = "$(TARGET_NAME)";
				SWIFT_VERSION = 5.0;
				TARGETED_DEVICE_FAMILY = "1,2";
				TEST_HOST = "$(BUILT_PRODUCTS_DIR)/CocktailApp.app/CocktailApp";
			};
			name = Release;
		};
		57776CCA2576877E00B96038 /* Debug */ = {
			isa = XCBuildConfiguration;
			buildSettings = {
				ALWAYS_SEARCH_USER_PATHS = NO;
				CLANG_ANALYZER_NONNULL = YES;
				CLANG_ANALYZER_NUMBER_OBJECT_CONVERSION = YES_AGGRESSIVE;
				CLANG_CXX_LANGUAGE_STANDARD = "gnu++14";
				CLANG_CXX_LIBRARY = "libc++";
				CLANG_ENABLE_MODULES = YES;
				CLANG_ENABLE_OBJC_ARC = YES;
				CLANG_ENABLE_OBJC_WEAK = YES;
				CLANG_WARN_BLOCK_CAPTURE_AUTORELEASING = YES;
				CLANG_WARN_BOOL_CONVERSION = YES;
				CLANG_WARN_COMMA = YES;
				CLANG_WARN_CONSTANT_CONVERSION = YES;
				CLANG_WARN_DEPRECATED_OBJC_IMPLEMENTATIONS = YES;
				CLANG_WARN_DIRECT_OBJC_ISA_USAGE = YES_ERROR;
				CLANG_WARN_DOCUMENTATION_COMMENTS = YES;
				CLANG_WARN_EMPTY_BODY = YES;
				CLANG_WARN_ENUM_CONVERSION = YES;
				CLANG_WARN_INFINITE_RECURSION = YES;
				CLANG_WARN_INT_CONVERSION = YES;
				CLANG_WARN_NON_LITERAL_NULL_CONVERSION = YES;
				CLANG_WARN_OBJC_IMPLICIT_RETAIN_SELF = YES;
				CLANG_WARN_OBJC_LITERAL_CONVERSION = YES;
				CLANG_WARN_OBJC_ROOT_CLASS = YES_ERROR;
				CLANG_WARN_QUOTED_INCLUDE_IN_FRAMEWORK_HEADER = YES;
				CLANG_WARN_RANGE_LOOP_ANALYSIS = YES;
				CLANG_WARN_STRICT_PROTOTYPES = YES;
				CLANG_WARN_SUSPICIOUS_MOVE = YES;
				CLANG_WARN_UNGUARDED_AVAILABILITY = YES_AGGRESSIVE;
				CLANG_WARN_UNREACHABLE_CODE = YES;
				CLANG_WARN__DUPLICATE_METHOD_MATCH = YES;
				COPY_PHASE_STRIP = NO;
				DEBUG_INFORMATION_FORMAT = dwarf;
				ENABLE_STRICT_OBJC_MSGSEND = YES;
				ENABLE_TESTABILITY = YES;
				GCC_C_LANGUAGE_STANDARD = gnu11;
				GCC_DYNAMIC_NO_PIC = NO;
				GCC_NO_COMMON_BLOCKS = YES;
				GCC_OPTIMIZATION_LEVEL = 0;
				GCC_PREPROCESSOR_DEFINITIONS = (
					"DEBUG=1",
					"$(inherited)",
				);
				GCC_WARN_64_TO_32_BIT_CONVERSION = YES;
				GCC_WARN_ABOUT_RETURN_TYPE = YES_ERROR;
				GCC_WARN_UNDECLARED_SELECTOR = YES;
				GCC_WARN_UNINITIALIZED_AUTOS = YES_AGGRESSIVE;
				GCC_WARN_UNUSED_FUNCTION = YES;
				GCC_WARN_UNUSED_VARIABLE = YES;
				IPHONEOS_DEPLOYMENT_TARGET = 14.2;
				MTL_ENABLE_DEBUG_INFO = INCLUDE_SOURCE;
				MTL_FAST_MATH = YES;
				ONLY_ACTIVE_ARCH = YES;
				SDKROOT = iphoneos;
				SWIFT_ACTIVE_COMPILATION_CONDITIONS = DEBUG;
				SWIFT_OPTIMIZATION_LEVEL = "-Onone";
			};
			name = Debug;
		};
		57776CCB2576877E00B96038 /* Release */ = {
			isa = XCBuildConfiguration;
			buildSettings = {
				ALWAYS_SEARCH_USER_PATHS = NO;
				CLANG_ANALYZER_NONNULL = YES;
				CLANG_ANALYZER_NUMBER_OBJECT_CONVERSION = YES_AGGRESSIVE;
				CLANG_CXX_LANGUAGE_STANDARD = "gnu++14";
				CLANG_CXX_LIBRARY = "libc++";
				CLANG_ENABLE_MODULES = YES;
				CLANG_ENABLE_OBJC_ARC = YES;
				CLANG_ENABLE_OBJC_WEAK = YES;
				CLANG_WARN_BLOCK_CAPTURE_AUTORELEASING = YES;
				CLANG_WARN_BOOL_CONVERSION = YES;
				CLANG_WARN_COMMA = YES;
				CLANG_WARN_CONSTANT_CONVERSION = YES;
				CLANG_WARN_DEPRECATED_OBJC_IMPLEMENTATIONS = YES;
				CLANG_WARN_DIRECT_OBJC_ISA_USAGE = YES_ERROR;
				CLANG_WARN_DOCUMENTATION_COMMENTS = YES;
				CLANG_WARN_EMPTY_BODY = YES;
				CLANG_WARN_ENUM_CONVERSION = YES;
				CLANG_WARN_INFINITE_RECURSION = YES;
				CLANG_WARN_INT_CONVERSION = YES;
				CLANG_WARN_NON_LITERAL_NULL_CONVERSION = YES;
				CLANG_WARN_OBJC_IMPLICIT_RETAIN_SELF = YES;
				CLANG_WARN_OBJC_LITERAL_CONVERSION = YES;
				CLANG_WARN_OBJC_ROOT_CLASS = YES_ERROR;
				CLANG_WARN_QUOTED_INCLUDE_IN_FRAMEWORK_HEADER = YES;
				CLANG_WARN_RANGE_LOOP_ANALYSIS = YES;
				CLANG_WARN_STRICT_PROTOTYPES = YES;
				CLANG_WARN_SUSPICIOUS_MOVE = YES;
				CLANG_WARN_UNGUARDED_AVAILABILITY = YES_AGGRESSIVE;
				CLANG_WARN_UNREACHABLE_CODE = YES;
				CLANG_WARN__DUPLICATE_METHOD_MATCH = YES;
				COPY_PHASE_STRIP = NO;
				DEBUG_INFORMATION_FORMAT = "dwarf-with-dsym";
				ENABLE_NS_ASSERTIONS = NO;
				ENABLE_STRICT_OBJC_MSGSEND = YES;
				GCC_C_LANGUAGE_STANDARD = gnu11;
				GCC_NO_COMMON_BLOCKS = YES;
				GCC_WARN_64_TO_32_BIT_CONVERSION = YES;
				GCC_WARN_ABOUT_RETURN_TYPE = YES_ERROR;
				GCC_WARN_UNDECLARED_SELECTOR = YES;
				GCC_WARN_UNINITIALIZED_AUTOS = YES_AGGRESSIVE;
				GCC_WARN_UNUSED_FUNCTION = YES;
				GCC_WARN_UNUSED_VARIABLE = YES;
				IPHONEOS_DEPLOYMENT_TARGET = 14.2;
				MTL_ENABLE_DEBUG_INFO = NO;
				MTL_FAST_MATH = YES;
				SDKROOT = iphoneos;
				SWIFT_COMPILATION_MODE = wholemodule;
				SWIFT_OPTIMIZATION_LEVEL = "-O";
				VALIDATE_PRODUCT = YES;
			};
			name = Release;
		};
		57776CCD2576877E00B96038 /* Debug */ = {
			isa = XCBuildConfiguration;
			buildSettings = {
				ASSETCATALOG_COMPILER_APPICON_NAME = AppIcon;
				ASSETCATALOG_COMPILER_GLOBAL_ACCENT_COLOR_NAME = AccentColor;
				CODE_SIGN_STYLE = Automatic;
				DEVELOPMENT_TEAM = 93J9GWXD34;
				INFOPLIST_FILE = CocktailApp/Info.plist;
				LD_RUNPATH_SEARCH_PATHS = (
					"$(inherited)",
					"@executable_path/Frameworks",
				);
				PRODUCT_BUNDLE_IDENTIFIER = com.example.CocktailApp;
				PRODUCT_NAME = "$(TARGET_NAME)";
				SWIFT_ENFORCE_EXCLUSIVE_ACCESS = off;
				SWIFT_VERSION = 5.0;
				TARGETED_DEVICE_FAMILY = "1,2";
			};
			name = Debug;
		};
		57776CCE2576877E00B96038 /* Release */ = {
			isa = XCBuildConfiguration;
			buildSettings = {
				ASSETCATALOG_COMPILER_APPICON_NAME = AppIcon;
				ASSETCATALOG_COMPILER_GLOBAL_ACCENT_COLOR_NAME = AccentColor;
				CODE_SIGN_STYLE = Automatic;
				DEVELOPMENT_TEAM = 93J9GWXD34;
				INFOPLIST_FILE = CocktailApp/Info.plist;
				LD_RUNPATH_SEARCH_PATHS = (
					"$(inherited)",
					"@executable_path/Frameworks",
				);
				PRODUCT_BUNDLE_IDENTIFIER = com.example.CocktailApp;
				PRODUCT_NAME = "$(TARGET_NAME)";
				SWIFT_ENFORCE_EXCLUSIVE_ACCESS = off;
				SWIFT_VERSION = 5.0;
				TARGETED_DEVICE_FAMILY = "1,2";
			};
			name = Release;
		};
/* End XCBuildConfiguration section */

/* Begin XCConfigurationList section */
		5756ACA7258FCA83005F137B /* Build configuration list for PBXNativeTarget "CocktailAppUITests" */ = {
			isa = XCConfigurationList;
			buildConfigurations = (
				5756ACA5258FCA83005F137B /* Debug */,
				5756ACA6258FCA83005F137B /* Release */,
			);
			defaultConfigurationIsVisible = 0;
			defaultConfigurationName = Release;
		};
		5756ACB5258FCA8B005F137B /* Build configuration list for PBXNativeTarget "CocktailAppTests" */ = {
			isa = XCConfigurationList;
			buildConfigurations = (
				5756ACB6258FCA8B005F137B /* Debug */,
				5756ACB7258FCA8B005F137B /* Release */,
			);
			defaultConfigurationIsVisible = 0;
			defaultConfigurationName = Release;
		};
		57776CB32576877C00B96038 /* Build configuration list for PBXProject "CocktailApp" */ = {
			isa = XCConfigurationList;
			buildConfigurations = (
				57776CCA2576877E00B96038 /* Debug */,
				57776CCB2576877E00B96038 /* Release */,
			);
			defaultConfigurationIsVisible = 0;
			defaultConfigurationName = Release;
		};
		57776CCC2576877E00B96038 /* Build configuration list for PBXNativeTarget "CocktailApp" */ = {
			isa = XCConfigurationList;
			buildConfigurations = (
				57776CCD2576877E00B96038 /* Debug */,
				57776CCE2576877E00B96038 /* Release */,
			);
			defaultConfigurationIsVisible = 0;
			defaultConfigurationName = Release;
		};
/* End XCConfigurationList section */
	};
	rootObject = 57776CB02576877C00B96038 /* Project object */;
}
