// !$*UTF8*$!
{
	archiveVersion = 1;
	classes = {
	};
	objectVersion = 50;
	objects = {

/* Begin PBXBuildFile section */
		57776CBC2576877C00B96038 /* AppDelegate.swift in Sources */ = {isa = PBXBuildFile; fileRef = 57776CBB2576877C00B96038 /* AppDelegate.swift */; };
		57776CBE2576877C00B96038 /* SceneDelegate.swift in Sources */ = {isa = PBXBuildFile; fileRef = 57776CBD2576877C00B96038 /* SceneDelegate.swift */; };
		57776CC32576877C00B96038 /* Main.storyboard in Resources */ = {isa = PBXBuildFile; fileRef = 57776CC12576877C00B96038 /* Main.storyboard */; };
		57776CC52576877E00B96038 /* Assets.xcassets in Resources */ = {isa = PBXBuildFile; fileRef = 57776CC42576877E00B96038 /* Assets.xcassets */; };
		57776CC82576877E00B96038 /* LaunchScreen.storyboard in Resources */ = {isa = PBXBuildFile; fileRef = 57776CC62576877E00B96038 /* LaunchScreen.storyboard */; };
		57776CD225768B1600B96038 /* CategoryTableViewController.swift in Sources */ = {isa = PBXBuildFile; fileRef = 57776CD125768B1600B96038 /* CategoryTableViewController.swift */; };
		57776CD525768B2A00B96038 /* CocktailTableViewController.swift in Sources */ = {isa = PBXBuildFile; fileRef = 57776CD425768B2A00B96038 /* CocktailTableViewController.swift */; };
		57776CD825768B3C00B96038 /* FavoriteTableViewController.swift in Sources */ = {isa = PBXBuildFile; fileRef = 57776CD725768B3C00B96038 /* FavoriteTableViewController.swift */; };
		57776CDB2576918D00B96038 /* Cocktail.swift in Sources */ = {isa = PBXBuildFile; fileRef = 57776CDA2576918D00B96038 /* Cocktail.swift */; };
		57776CE425769D3D00B96038 /* CocktailController.swift in Sources */ = {isa = PBXBuildFile; fileRef = 57776CE325769D3D00B96038 /* CocktailController.swift */; };
		57776CE92576B01D00B96038 /* Category.swift in Sources */ = {isa = PBXBuildFile; fileRef = 57776CE82576B01D00B96038 /* Category.swift */; };
		5785F171257A7FDC00C71BF1 /* CocktailDetailController.swift in Sources */ = {isa = PBXBuildFile; fileRef = 5785F170257A7FDC00C71BF1 /* CocktailDetailController.swift */; };
/* End PBXBuildFile section */

/* Begin PBXFileReference section */
		57776CB82576877C00B96038 /* CocktailApp.app */ = {isa = PBXFileReference; explicitFileType = wrapper.application; includeInIndex = 0; path = CocktailApp.app; sourceTree = BUILT_PRODUCTS_DIR; };
		57776CBB2576877C00B96038 /* AppDelegate.swift */ = {isa = PBXFileReference; lastKnownFileType = sourcecode.swift; path = AppDelegate.swift; sourceTree = "<group>"; };
		57776CBD2576877C00B96038 /* SceneDelegate.swift */ = {isa = PBXFileReference; lastKnownFileType = sourcecode.swift; path = SceneDelegate.swift; sourceTree = "<group>"; };
		57776CC22576877C00B96038 /* Base */ = {isa = PBXFileReference; lastKnownFileType = file.storyboard; name = Base; path = Base.lproj/Main.storyboard; sourceTree = "<group>"; };
		57776CC42576877E00B96038 /* Assets.xcassets */ = {isa = PBXFileReference; lastKnownFileType = folder.assetcatalog; path = Assets.xcassets; sourceTree = "<group>"; };
		57776CC72576877E00B96038 /* Base */ = {isa = PBXFileReference; lastKnownFileType = file.storyboard; name = Base; path = Base.lproj/LaunchScreen.storyboard; sourceTree = "<group>"; };
		57776CC92576877E00B96038 /* Info.plist */ = {isa = PBXFileReference; lastKnownFileType = text.plist.xml; path = Info.plist; sourceTree = "<group>"; };
		57776CD125768B1600B96038 /* CategoryTableViewController.swift */ = {isa = PBXFileReference; lastKnownFileType = sourcecode.swift; path = CategoryTableViewController.swift; sourceTree = "<group>"; };
		57776CD425768B2A00B96038 /* CocktailTableViewController.swift */ = {isa = PBXFileReference; lastKnownFileType = sourcecode.swift; path = CocktailTableViewController.swift; sourceTree = "<group>"; };
		57776CD725768B3C00B96038 /* FavoriteTableViewController.swift */ = {isa = PBXFileReference; lastKnownFileType = sourcecode.swift; path = FavoriteTableViewController.swift; sourceTree = "<group>"; };
		57776CDA2576918D00B96038 /* Cocktail.swift */ = {isa = PBXFileReference; lastKnownFileType = sourcecode.swift; path = Cocktail.swift; sourceTree = "<group>"; };
		57776CE325769D3D00B96038 /* CocktailController.swift */ = {isa = PBXFileReference; lastKnownFileType = sourcecode.swift; path = CocktailController.swift; sourceTree = "<group>"; };
		57776CE82576B01D00B96038 /* Category.swift */ = {isa = PBXFileReference; lastKnownFileType = sourcecode.swift; path = Category.swift; sourceTree = "<group>"; };
		5785F170257A7FDC00C71BF1 /* CocktailDetailController.swift */ = {isa = PBXFileReference; lastKnownFileType = sourcecode.swift; path = CocktailDetailController.swift; sourceTree = "<group>"; };
/* End PBXFileReference section */

/* Begin PBXFrameworksBuildPhase section */
		57776CB52576877C00B96038 /* Frameworks */ = {
			isa = PBXFrameworksBuildPhase;
			buildActionMask = 2147483647;
			files = (
			);
			runOnlyForDeploymentPostprocessing = 0;
		};
/* End PBXFrameworksBuildPhase section */

/* Begin PBXGroup section */
		576EAC7A257E93EF00AF34A4 /* Model */ = {
			isa = PBXGroup;
			children = (
				57776CE82576B01D00B96038 /* Category.swift */,
				57776CDA2576918D00B96038 /* Cocktail.swift */,
			);
			path = Model;
			sourceTree = "<group>";
		};
		576EAC7C257E940A00AF34A4 /* ViewController */ = {
			isa = PBXGroup;
			children = (
				57776CD125768B1600B96038 /* CategoryTableViewController.swift */,
				57776CD425768B2A00B96038 /* CocktailTableViewController.swift */,
				5785F170257A7FDC00C71BF1 /* CocktailDetailController.swift */,
				57776CD725768B3C00B96038 /* FavoriteTableViewController.swift */,
			);
			path = ViewController;
			sourceTree = "<group>";
		};
		576EAC7D257E942B00AF34A4 /* Controller */ = {
			isa = PBXGroup;
			children = (
				57776CE325769D3D00B96038 /* CocktailController.swift */,
			);
			path = Controller;
			sourceTree = "<group>";
		};
		576EAC7E257E94C200AF34A4 /* Delegate */ = {
			isa = PBXGroup;
			children = (
				57776CBB2576877C00B96038 /* AppDelegate.swift */,
				57776CBD2576877C00B96038 /* SceneDelegate.swift */,
			);
			path = Delegate;
			sourceTree = "<group>";
		};
		576EAC7F257E94D900AF34A4 /* Storyboard */ = {
			isa = PBXGroup;
			children = (
				57776CC62576877E00B96038 /* LaunchScreen.storyboard */,
				57776CC12576877C00B96038 /* Main.storyboard */,
			);
			path = Storyboard;
			sourceTree = "<group>";
		};
		576EAC81257E950C00AF34A4 /* Assets */ = {
			isa = PBXGroup;
			children = (
				57776CC42576877E00B96038 /* Assets.xcassets */,
			);
			path = Assets;
			sourceTree = "<group>";
		};
		57776CAF2576877C00B96038 = {
			isa = PBXGroup;
			children = (
				57776CBA2576877C00B96038 /* CocktailApp */,
				57776CB92576877C00B96038 /* Products */,
			);
			sourceTree = "<group>";
		};
		57776CB92576877C00B96038 /* Products */ = {
			isa = PBXGroup;
			children = (
				57776CB82576877C00B96038 /* CocktailApp.app */,
			);
			name = Products;
			sourceTree = "<group>";
		};
		57776CBA2576877C00B96038 /* CocktailApp */ = {
			isa = PBXGroup;
			children = (
				576EAC81257E950C00AF34A4 /* Assets */,
				576EAC7F257E94D900AF34A4 /* Storyboard */,
				576EAC7E257E94C200AF34A4 /* Delegate */,
				576EAC7D257E942B00AF34A4 /* Controller */,
				576EAC7C257E940A00AF34A4 /* ViewController */,
				576EAC7A257E93EF00AF34A4 /* Model */,
				57776CC92576877E00B96038 /* Info.plist */,
			);
			path = CocktailApp;
			sourceTree = "<group>";
		};
/* End PBXGroup section */

/* Begin PBXNativeTarget section */
		57776CB72576877C00B96038 /* CocktailApp */ = {
			isa = PBXNativeTarget;
			buildConfigurationList = 57776CCC2576877E00B96038 /* Build configuration list for PBXNativeTarget "CocktailApp" */;
			buildPhases = (
				57776CB42576877C00B96038 /* Sources */,
				57776CB52576877C00B96038 /* Frameworks */,
				57776CB62576877C00B96038 /* Resources */,
			);
			buildRules = (
			);
			dependencies = (
			);
			name = CocktailApp;
			productName = CocktailApp;
			productReference = 57776CB82576877C00B96038 /* CocktailApp.app */;
			productType = "com.apple.product-type.application";
		};
/* End PBXNativeTarget section */

/* Begin PBXProject section */
		57776CB02576877C00B96038 /* Project object */ = {
			isa = PBXProject;
			attributes = {
				LastSwiftUpdateCheck = 1220;
				LastUpgradeCheck = 1220;
				TargetAttributes = {
					57776CB72576877C00B96038 = {
						CreatedOnToolsVersion = 12.2;
					};
				};
			};
			buildConfigurationList = 57776CB32576877C00B96038 /* Build configuration list for PBXProject "CocktailApp" */;
			compatibilityVersion = "Xcode 9.3";
			developmentRegion = en;
			hasScannedForEncodings = 0;
			knownRegions = (
				en,
				Base,
			);
			mainGroup = 57776CAF2576877C00B96038;
			productRefGroup = 57776CB92576877C00B96038 /* Products */;
			projectDirPath = "";
			projectRoot = "";
			targets = (
				57776CB72576877C00B96038 /* CocktailApp */,
			);
		};
/* End PBXProject section */

/* Begin PBXResourcesBuildPhase section */
		57776CB62576877C00B96038 /* Resources */ = {
			isa = PBXResourcesBuildPhase;
			buildActionMask = 2147483647;
			files = (
				57776CC82576877E00B96038 /* LaunchScreen.storyboard in Resources */,
				57776CC52576877E00B96038 /* Assets.xcassets in Resources */,
				57776CC32576877C00B96038 /* Main.storyboard in Resources */,
			);
			runOnlyForDeploymentPostprocessing = 0;
		};
/* End PBXResourcesBuildPhase section */

/* Begin PBXSourcesBuildPhase section */
		57776CB42576877C00B96038 /* Sources */ = {
			isa = PBXSourcesBuildPhase;
			buildActionMask = 2147483647;
			files = (
				57776CD825768B3C00B96038 /* FavoriteTableViewController.swift in Sources */,
				57776CBC2576877C00B96038 /* AppDelegate.swift in Sources */,
				57776CBE2576877C00B96038 /* SceneDelegate.swift in Sources */,
				5785F171257A7FDC00C71BF1 /* CocktailDetailController.swift in Sources */,
				57776CD225768B1600B96038 /* CategoryTableViewController.swift in Sources */,
				57776CE92576B01D00B96038 /* Category.swift in Sources */,
				57776CD525768B2A00B96038 /* CocktailTableViewController.swift in Sources */,
				57776CE425769D3D00B96038 /* CocktailController.swift in Sources */,
				57776CDB2576918D00B96038 /* Cocktail.swift in Sources */,
			);
			runOnlyForDeploymentPostprocessing = 0;
		};
/* End PBXSourcesBuildPhase section */

/* Begin PBXVariantGroup section */
		57776CC12576877C00B96038 /* Main.storyboard */ = {
			isa = PBXVariantGroup;
			children = (
				57776CC22576877C00B96038 /* Base */,
			);
			name = Main.storyboard;
			sourceTree = "<group>";
		};
		57776CC62576877E00B96038 /* LaunchScreen.storyboard */ = {
			isa = PBXVariantGroup;
			children = (
				57776CC72576877E00B96038 /* Base */,
			);
			name = LaunchScreen.storyboard;
			sourceTree = "<group>";
		};
/* End PBXVariantGroup section */

/* Begin XCBuildConfiguration section */
		57776CCA2576877E00B96038 /* Debug */ = {
			isa = XCBuildConfiguration;
			buildSettings = {
				ALWAYS_SEARCH_USER_PATHS = NO;
				CLANG_ANALYZER_NONNULL = YES;
				CLANG_ANALYZER_NUMBER_OBJECT_CONVERSION = YES_AGGRESSIVE;
				CLANG_CXX_LANGUAGE_STANDARD = "gnu++14";
				CLANG_CXX_LIBRARY = "libc++";
				CLANG_ENABLE_MODULES = YES;
				CLANG_ENABLE_OBJC_ARC = YES;
				CLANG_ENABLE_OBJC_WEAK = YES;
				CLANG_WARN_BLOCK_CAPTURE_AUTORELEASING = YES;
				CLANG_WARN_BOOL_CONVERSION = YES;
				CLANG_WARN_COMMA = YES;
				CLANG_WARN_CONSTANT_CONVERSION = YES;
				CLANG_WARN_DEPRECATED_OBJC_IMPLEMENTATIONS = YES;
				CLANG_WARN_DIRECT_OBJC_ISA_USAGE = YES_ERROR;
				CLANG_WARN_DOCUMENTATION_COMMENTS = YES;
				CLANG_WARN_EMPTY_BODY = YES;
				CLANG_WARN_ENUM_CONVERSION = YES;
				CLANG_WARN_INFINITE_RECURSION = YES;
				CLANG_WARN_INT_CONVERSION = YES;
				CLANG_WARN_NON_LITERAL_NULL_CONVERSION = YES;
				CLANG_WARN_OBJC_IMPLICIT_RETAIN_SELF = YES;
				CLANG_WARN_OBJC_LITERAL_CONVERSION = YES;
				CLANG_WARN_OBJC_ROOT_CLASS = YES_ERROR;
				CLANG_WARN_QUOTED_INCLUDE_IN_FRAMEWORK_HEADER = YES;
				CLANG_WARN_RANGE_LOOP_ANALYSIS = YES;
				CLANG_WARN_STRICT_PROTOTYPES = YES;
				CLANG_WARN_SUSPICIOUS_MOVE = YES;
				CLANG_WARN_UNGUARDED_AVAILABILITY = YES_AGGRESSIVE;
				CLANG_WARN_UNREACHABLE_CODE = YES;
				CLANG_WARN__DUPLICATE_METHOD_MATCH = YES;
				COPY_PHASE_STRIP = NO;
				DEBUG_INFORMATION_FORMAT = dwarf;
				ENABLE_STRICT_OBJC_MSGSEND = YES;
				ENABLE_TESTABILITY = YES;
				GCC_C_LANGUAGE_STANDARD = gnu11;
				GCC_DYNAMIC_NO_PIC = NO;
				GCC_NO_COMMON_BLOCKS = YES;
				GCC_OPTIMIZATION_LEVEL = 0;
				GCC_PREPROCESSOR_DEFINITIONS = (
					"DEBUG=1",
					"$(inherited)",
				);
				GCC_WARN_64_TO_32_BIT_CONVERSION = YES;
				GCC_WARN_ABOUT_RETURN_TYPE = YES_ERROR;
				GCC_WARN_UNDECLARED_SELECTOR = YES;
				GCC_WARN_UNINITIALIZED_AUTOS = YES_AGGRESSIVE;
				GCC_WARN_UNUSED_FUNCTION = YES;
				GCC_WARN_UNUSED_VARIABLE = YES;
				IPHONEOS_DEPLOYMENT_TARGET = 14.2;
				MTL_ENABLE_DEBUG_INFO = INCLUDE_SOURCE;
				MTL_FAST_MATH = YES;
				ONLY_ACTIVE_ARCH = YES;
				SDKROOT = iphoneos;
				SWIFT_ACTIVE_COMPILATION_CONDITIONS = DEBUG;
				SWIFT_OPTIMIZATION_LEVEL = "-Onone";
			};
			name = Debug;
		};
		57776CCB2576877E00B96038 /* Release */ = {
			isa = XCBuildConfiguration;
			buildSettings = {
				ALWAYS_SEARCH_USER_PATHS = NO;
				CLANG_ANALYZER_NONNULL = YES;
				CLANG_ANALYZER_NUMBER_OBJECT_CONVERSION = YES_AGGRESSIVE;
				CLANG_CXX_LANGUAGE_STANDARD = "gnu++14";
				CLANG_CXX_LIBRARY = "libc++";
				CLANG_ENABLE_MODULES = YES;
				CLANG_ENABLE_OBJC_ARC = YES;
				CLANG_ENABLE_OBJC_WEAK = YES;
				CLANG_WARN_BLOCK_CAPTURE_AUTORELEASING = YES;
				CLANG_WARN_BOOL_CONVERSION = YES;
				CLANG_WARN_COMMA = YES;
				CLANG_WARN_CONSTANT_CONVERSION = YES;
				CLANG_WARN_DEPRECATED_OBJC_IMPLEMENTATIONS = YES;
				CLANG_WARN_DIRECT_OBJC_ISA_USAGE = YES_ERROR;
				CLANG_WARN_DOCUMENTATION_COMMENTS = YES;
				CLANG_WARN_EMPTY_BODY = YES;
				CLANG_WARN_ENUM_CONVERSION = YES;
				CLANG_WARN_INFINITE_RECURSION = YES;
				CLANG_WARN_INT_CONVERSION = YES;
				CLANG_WARN_NON_LITERAL_NULL_CONVERSION = YES;
				CLANG_WARN_OBJC_IMPLICIT_RETAIN_SELF = YES;
				CLANG_WARN_OBJC_LITERAL_CONVERSION = YES;
				CLANG_WARN_OBJC_ROOT_CLASS = YES_ERROR;
				CLANG_WARN_QUOTED_INCLUDE_IN_FRAMEWORK_HEADER = YES;
				CLANG_WARN_RANGE_LOOP_ANALYSIS = YES;
				CLANG_WARN_STRICT_PROTOTYPES = YES;
				CLANG_WARN_SUSPICIOUS_MOVE = YES;
				CLANG_WARN_UNGUARDED_AVAILABILITY = YES_AGGRESSIVE;
				CLANG_WARN_UNREACHABLE_CODE = YES;
				CLANG_WARN__DUPLICATE_METHOD_MATCH = YES;
				COPY_PHASE_STRIP = NO;
				DEBUG_INFORMATION_FORMAT = "dwarf-with-dsym";
				ENABLE_NS_ASSERTIONS = NO;
				ENABLE_STRICT_OBJC_MSGSEND = YES;
				GCC_C_LANGUAGE_STANDARD = gnu11;
				GCC_NO_COMMON_BLOCKS = YES;
				GCC_WARN_64_TO_32_BIT_CONVERSION = YES;
				GCC_WARN_ABOUT_RETURN_TYPE = YES_ERROR;
				GCC_WARN_UNDECLARED_SELECTOR = YES;
				GCC_WARN_UNINITIALIZED_AUTOS = YES_AGGRESSIVE;
				GCC_WARN_UNUSED_FUNCTION = YES;
				GCC_WARN_UNUSED_VARIABLE = YES;
				IPHONEOS_DEPLOYMENT_TARGET = 14.2;
				MTL_ENABLE_DEBUG_INFO = NO;
				MTL_FAST_MATH = YES;
				SDKROOT = iphoneos;
				SWIFT_COMPILATION_MODE = wholemodule;
				SWIFT_OPTIMIZATION_LEVEL = "-O";
				VALIDATE_PRODUCT = YES;
			};
			name = Release;
		};
		57776CCD2576877E00B96038 /* Debug */ = {
			isa = XCBuildConfiguration;
			buildSettings = {
				ASSETCATALOG_COMPILER_APPICON_NAME = AppIcon;
				ASSETCATALOG_COMPILER_GLOBAL_ACCENT_COLOR_NAME = AccentColor;
				CODE_SIGN_STYLE = Automatic;
				DEVELOPMENT_TEAM = 93J9GWXD34;
				INFOPLIST_FILE = CocktailApp/Info.plist;
				LD_RUNPATH_SEARCH_PATHS = (
					"$(inherited)",
					"@executable_path/Frameworks",
				);
				PRODUCT_BUNDLE_IDENTIFIER = com.example.CocktailApp;
				PRODUCT_NAME = "$(TARGET_NAME)";
				SWIFT_VERSION = 5.0;
				TARGETED_DEVICE_FAMILY = "1,2";
			};
			name = Debug;
		};
		57776CCE2576877E00B96038 /* Release */ = {
			isa = XCBuildConfiguration;
			buildSettings = {
				ASSETCATALOG_COMPILER_APPICON_NAME = AppIcon;
				ASSETCATALOG_COMPILER_GLOBAL_ACCENT_COLOR_NAME = AccentColor;
				CODE_SIGN_STYLE = Automatic;
				DEVELOPMENT_TEAM = 93J9GWXD34;
				INFOPLIST_FILE = CocktailApp/Info.plist;
				LD_RUNPATH_SEARCH_PATHS = (
					"$(inherited)",
					"@executable_path/Frameworks",
				);
				PRODUCT_BUNDLE_IDENTIFIER = com.example.CocktailApp;
				PRODUCT_NAME = "$(TARGET_NAME)";
				SWIFT_VERSION = 5.0;
				TARGETED_DEVICE_FAMILY = "1,2";
			};
			name = Release;
		};
/* End XCBuildConfiguration section */

/* Begin XCConfigurationList section */
		57776CB32576877C00B96038 /* Build configuration list for PBXProject "CocktailApp" */ = {
			isa = XCConfigurationList;
			buildConfigurations = (
				57776CCA2576877E00B96038 /* Debug */,
				57776CCB2576877E00B96038 /* Release */,
			);
			defaultConfigurationIsVisible = 0;
			defaultConfigurationName = Release;
		};
		57776CCC2576877E00B96038 /* Build configuration list for PBXNativeTarget "CocktailApp" */ = {
			isa = XCConfigurationList;
			buildConfigurations = (
				57776CCD2576877E00B96038 /* Debug */,
				57776CCE2576877E00B96038 /* Release */,
			);
			defaultConfigurationIsVisible = 0;
			defaultConfigurationName = Release;
		};
/* End XCConfigurationList section */
	};
	rootObject = 57776CB02576877C00B96038 /* Project object */;
}
